// !$*UTF8*$!
{
	archiveVersion = 1;
	classes = {
	};
	objectVersion = 55;
	objects = {

/* Begin PBXBuildFile section */
		1BF8A5A2E892583844BD61D0 /* Pods_Apple_PieTests.framework in Frameworks */ = {isa = PBXBuildFile; fileRef = DF3721B98D17E225E1EB9857 /* Pods_Apple_PieTests.framework */; };
		5DA7BDA6EAAA2BD009382174 /* Pods_Apple_Pie.framework in Frameworks */ = {isa = PBXBuildFile; fileRef = 39C18058FF3ED043C625809D /* Pods_Apple_Pie.framework */; };
		CD5D57FD2C816F8A0076F30B /* .swiftlint.yml in Resources */ = {isa = PBXBuildFile; fileRef = CD5D57FC2C816F8A0076F30B /* .swiftlint.yml */; };
		CD5D57FE2C816F8A0076F30B /* .swiftlint.yml in Resources */ = {isa = PBXBuildFile; fileRef = CD5D57FC2C816F8A0076F30B /* .swiftlint.yml */; };
		CDACD79F2C81487600D2BB66 /* Apple_PieApp.swift in Sources */ = {isa = PBXBuildFile; fileRef = CDACD79E2C81487600D2BB66 /* Apple_PieApp.swift */; };
		CDACD7A12C81487600D2BB66 /* ContentView.swift in Sources */ = {isa = PBXBuildFile; fileRef = CDACD7A02C81487600D2BB66 /* ContentView.swift */; };
		CDACD7A32C81487C00D2BB66 /* Assets.xcassets in Resources */ = {isa = PBXBuildFile; fileRef = CDACD7A22C81487C00D2BB66 /* Assets.xcassets */; };
		CDACD7A62C81487C00D2BB66 /* Preview Assets.xcassets in Resources */ = {isa = PBXBuildFile; fileRef = CDACD7A52C81487C00D2BB66 /* Preview Assets.xcassets */; };
		CDACD7C52C81540700D2BB66 /* Apple_PieTests.swift in Sources */ = {isa = PBXBuildFile; fileRef = CDACD7C42C81540700D2BB66 /* Apple_PieTests.swift */; };
/* End PBXBuildFile section */

/* Begin PBXContainerItemProxy section */
		CDACD7C62C81540700D2BB66 /* PBXContainerItemProxy */ = {
			isa = PBXContainerItemProxy;
			containerPortal = CDACD7932C81487600D2BB66 /* Project object */;
			proxyType = 1;
			remoteGlobalIDString = CDACD79A2C81487600D2BB66;
			remoteInfo = "Apple Pie";
		};
/* End PBXContainerItemProxy section */

/* Begin PBXFileReference section */
		39C18058FF3ED043C625809D /* Pods_Apple_Pie.framework */ = {isa = PBXFileReference; explicitFileType = wrapper.framework; includeInIndex = 0; path = Pods_Apple_Pie.framework; sourceTree = BUILT_PRODUCTS_DIR; };
		5CDAB2129E6644C6CE1F691C /* Pods-Apple PieTests.release.xcconfig */ = {isa = PBXFileReference; includeInIndex = 1; lastKnownFileType = text.xcconfig; name = "Pods-Apple PieTests.release.xcconfig"; path = "Target Support Files/Pods-Apple PieTests/Pods-Apple PieTests.release.xcconfig"; sourceTree = "<group>"; };
		753E572A4D2E8C67DFBEB56D /* Pods-Apple Pie.debug.xcconfig */ = {isa = PBXFileReference; includeInIndex = 1; lastKnownFileType = text.xcconfig; name = "Pods-Apple Pie.debug.xcconfig"; path = "Target Support Files/Pods-Apple Pie/Pods-Apple Pie.debug.xcconfig"; sourceTree = "<group>"; };
		8FAFCA10F896DC439CE39C56 /* Pods-Apple PieTests.debug.xcconfig */ = {isa = PBXFileReference; includeInIndex = 1; lastKnownFileType = text.xcconfig; name = "Pods-Apple PieTests.debug.xcconfig"; path = "Target Support Files/Pods-Apple PieTests/Pods-Apple PieTests.debug.xcconfig"; sourceTree = "<group>"; };
		9C4E626CCE90031EC6E66EDC /* Pods-Apple Pie.release.xcconfig */ = {isa = PBXFileReference; includeInIndex = 1; lastKnownFileType = text.xcconfig; name = "Pods-Apple Pie.release.xcconfig"; path = "Target Support Files/Pods-Apple Pie/Pods-Apple Pie.release.xcconfig"; sourceTree = "<group>"; };
		CD5D57FC2C816F8A0076F30B /* .swiftlint.yml */ = {isa = PBXFileReference; fileEncoding = 4; lastKnownFileType = text.yaml; path = .swiftlint.yml; sourceTree = "<group>"; };
		CDACD79B2C81487600D2BB66 /* Apple Pie.app */ = {isa = PBXFileReference; explicitFileType = wrapper.application; includeInIndex = 0; path = "Apple Pie.app"; sourceTree = BUILT_PRODUCTS_DIR; };
		CDACD79E2C81487600D2BB66 /* Apple_PieApp.swift */ = {isa = PBXFileReference; lastKnownFileType = sourcecode.swift; path = Apple_PieApp.swift; sourceTree = "<group>"; };
		CDACD7A02C81487600D2BB66 /* ContentView.swift */ = {isa = PBXFileReference; lastKnownFileType = sourcecode.swift; path = ContentView.swift; sourceTree = "<group>"; };
		CDACD7A22C81487C00D2BB66 /* Assets.xcassets */ = {isa = PBXFileReference; lastKnownFileType = folder.assetcatalog; path = Assets.xcassets; sourceTree = "<group>"; };
		CDACD7A52C81487C00D2BB66 /* Preview Assets.xcassets */ = {isa = PBXFileReference; lastKnownFileType = folder.assetcatalog; path = "Preview Assets.xcassets"; sourceTree = "<group>"; };
		CDACD7C22C81540700D2BB66 /* Apple PieTests.xctest */ = {isa = PBXFileReference; explicitFileType = wrapper.cfbundle; includeInIndex = 0; path = "Apple PieTests.xctest"; sourceTree = BUILT_PRODUCTS_DIR; };
		CDACD7C42C81540700D2BB66 /* Apple_PieTests.swift */ = {isa = PBXFileReference; lastKnownFileType = sourcecode.swift; path = Apple_PieTests.swift; sourceTree = "<group>"; };
		DF3721B98D17E225E1EB9857 /* Pods_Apple_PieTests.framework */ = {isa = PBXFileReference; explicitFileType = wrapper.framework; includeInIndex = 0; path = Pods_Apple_PieTests.framework; sourceTree = BUILT_PRODUCTS_DIR; };
/* End PBXFileReference section */

/* Begin PBXFrameworksBuildPhase section */
		CDACD7982C81487600D2BB66 /* Frameworks */ = {
			isa = PBXFrameworksBuildPhase;
			buildActionMask = 2147483647;
			files = (
				5DA7BDA6EAAA2BD009382174 /* Pods_Apple_Pie.framework in Frameworks */,
			);
			runOnlyForDeploymentPostprocessing = 0;
		};
		CDACD7BF2C81540700D2BB66 /* Frameworks */ = {
			isa = PBXFrameworksBuildPhase;
			buildActionMask = 2147483647;
			files = (
				1BF8A5A2E892583844BD61D0 /* Pods_Apple_PieTests.framework in Frameworks */,
			);
			runOnlyForDeploymentPostprocessing = 0;
		};
/* End PBXFrameworksBuildPhase section */

/* Begin PBXGroup section */
		2E1DE2EAA36BF87FC701B932 /* Frameworks */ = {
			isa = PBXGroup;
			children = (
				39C18058FF3ED043C625809D /* Pods_Apple_Pie.framework */,
				DF3721B98D17E225E1EB9857 /* Pods_Apple_PieTests.framework */,
			);
			name = Frameworks;
			sourceTree = "<group>";
		};
		CBD9013D3B2D3D6C5FA21EB3 /* Pods */ = {
			isa = PBXGroup;
			children = (
				753E572A4D2E8C67DFBEB56D /* Pods-Apple Pie.debug.xcconfig */,
				9C4E626CCE90031EC6E66EDC /* Pods-Apple Pie.release.xcconfig */,
				8FAFCA10F896DC439CE39C56 /* Pods-Apple PieTests.debug.xcconfig */,
				5CDAB2129E6644C6CE1F691C /* Pods-Apple PieTests.release.xcconfig */,
			);
			path = Pods;
			sourceTree = "<group>";
		};
		CDACD7922C81487600D2BB66 = {
			isa = PBXGroup;
			children = (
				CD5D57FC2C816F8A0076F30B /* .swiftlint.yml */,
				CDACD79D2C81487600D2BB66 /* Apple Pie */,
				CDACD7C32C81540700D2BB66 /* Apple PieTests */,
				CDACD79C2C81487600D2BB66 /* Products */,
				CBD9013D3B2D3D6C5FA21EB3 /* Pods */,
				2E1DE2EAA36BF87FC701B932 /* Frameworks */,
			);
			sourceTree = "<group>";
		};
		CDACD79C2C81487600D2BB66 /* Products */ = {
			isa = PBXGroup;
			children = (
				CDACD79B2C81487600D2BB66 /* Apple Pie.app */,
				CDACD7C22C81540700D2BB66 /* Apple PieTests.xctest */,
			);
			name = Products;
			sourceTree = "<group>";
		};
		CDACD79D2C81487600D2BB66 /* Apple Pie */ = {
			isa = PBXGroup;
			children = (
				CDACD79E2C81487600D2BB66 /* Apple_PieApp.swift */,
				CDACD7A02C81487600D2BB66 /* ContentView.swift */,
				CDACD7A22C81487C00D2BB66 /* Assets.xcassets */,
				CDACD7A42C81487C00D2BB66 /* Preview Content */,
			);
			path = "Apple Pie";
			sourceTree = "<group>";
		};
		CDACD7A42C81487C00D2BB66 /* Preview Content */ = {
			isa = PBXGroup;
			children = (
				CDACD7A52C81487C00D2BB66 /* Preview Assets.xcassets */,
			);
			path = "Preview Content";
			sourceTree = "<group>";
		};
		CDACD7C32C81540700D2BB66 /* Apple PieTests */ = {
			isa = PBXGroup;
			children = (
				CDACD7C42C81540700D2BB66 /* Apple_PieTests.swift */,
			);
			path = "Apple PieTests";
			sourceTree = "<group>";
		};
/* End PBXGroup section */

/* Begin PBXNativeTarget section */
		CDACD79A2C81487600D2BB66 /* Apple Pie */ = {
			isa = PBXNativeTarget;
			buildConfigurationList = CDACD7A92C81487C00D2BB66 /* Build configuration list for PBXNativeTarget "Apple Pie" */;
			buildPhases = (
				51743A936E6C4AA9755D77F7 /* [CP] Check Pods Manifest.lock */,
				CDACD7972C81487600D2BB66 /* Sources */,
				CD58D32E2C82834700EC92F6 /* ShellScript */,
				CDACD7982C81487600D2BB66 /* Frameworks */,
				CDACD7992C81487600D2BB66 /* Resources */,
			);
			buildRules = (
			);
			dependencies = (
			);
			name = "Apple Pie";
			productName = "Apple Pie";
			productReference = CDACD79B2C81487600D2BB66 /* Apple Pie.app */;
			productType = "com.apple.product-type.application";
		};
		CDACD7C12C81540700D2BB66 /* Apple PieTests */ = {
			isa = PBXNativeTarget;
			buildConfigurationList = CDACD7C82C81540700D2BB66 /* Build configuration list for PBXNativeTarget "Apple PieTests" */;
			buildPhases = (
				51CD9558106E8F9BC7F453F5 /* [CP] Check Pods Manifest.lock */,
				CDACD7BE2C81540700D2BB66 /* Sources */,
				CDACD8032C8163C100D2BB66 /* ShellScript */,
				CDACD7BF2C81540700D2BB66 /* Frameworks */,
				CDACD7C02C81540700D2BB66 /* Resources */,
			);
			buildRules = (
			);
			dependencies = (
				CDACD7C72C81540700D2BB66 /* PBXTargetDependency */,
			);
			name = "Apple PieTests";
			productName = "Apple PieTests";
			productReference = CDACD7C22C81540700D2BB66 /* Apple PieTests.xctest */;
			productType = "com.apple.product-type.bundle.unit-test";
		};
/* End PBXNativeTarget section */

/* Begin PBXProject section */
		CDACD7932C81487600D2BB66 /* Project object */ = {
			isa = PBXProject;
			attributes = {
				BuildIndependentTargetsInParallel = 1;
				LastSwiftUpdateCheck = 1320;
				LastUpgradeCheck = 1320;
				TargetAttributes = {
					CDACD79A2C81487600D2BB66 = {
						CreatedOnToolsVersion = 13.2.1;
					};
					CDACD7C12C81540700D2BB66 = {
						CreatedOnToolsVersion = 13.2.1;
						TestTargetID = CDACD79A2C81487600D2BB66;
					};
				};
			};
			buildConfigurationList = CDACD7962C81487600D2BB66 /* Build configuration list for PBXProject "Apple Pie" */;
			compatibilityVersion = "Xcode 13.0";
			developmentRegion = en;
			hasScannedForEncodings = 0;
			knownRegions = (
				en,
				Base,
			);
			mainGroup = CDACD7922C81487600D2BB66;
			productRefGroup = CDACD79C2C81487600D2BB66 /* Products */;
			projectDirPath = "";
			projectRoot = "";
			targets = (
				CDACD79A2C81487600D2BB66 /* Apple Pie */,
				CDACD7C12C81540700D2BB66 /* Apple PieTests */,
			);
		};
/* End PBXProject section */

/* Begin PBXResourcesBuildPhase section */
		CDACD7992C81487600D2BB66 /* Resources */ = {
			isa = PBXResourcesBuildPhase;
			buildActionMask = 2147483647;
			files = (
				CD5D57FD2C816F8A0076F30B /* .swiftlint.yml in Resources */,
				CDACD7A62C81487C00D2BB66 /* Preview Assets.xcassets in Resources */,
				CDACD7A32C81487C00D2BB66 /* Assets.xcassets in Resources */,
			);
			runOnlyForDeploymentPostprocessing = 0;
		};
		CDACD7C02C81540700D2BB66 /* Resources */ = {
			isa = PBXResourcesBuildPhase;
			buildActionMask = 2147483647;
			files = (
				CD5D57FE2C816F8A0076F30B /* .swiftlint.yml in Resources */,
			);
			runOnlyForDeploymentPostprocessing = 0;
		};
/* End PBXResourcesBuildPhase section */

/* Begin PBXShellScriptBuildPhase section */
		51743A936E6C4AA9755D77F7 /* [CP] Check Pods Manifest.lock */ = {
			isa = PBXShellScriptBuildPhase;
			buildActionMask = 2147483647;
			files = (
			);
			inputFileListPaths = (
			);
			inputPaths = (
				"${PODS_PODFILE_DIR_PATH}/Podfile.lock",
				"${PODS_ROOT}/Manifest.lock",
			);
			name = "[CP] Check Pods Manifest.lock";
			outputFileListPaths = (
			);
			outputPaths = (
				"$(DERIVED_FILE_DIR)/Pods-Apple Pie-checkManifestLockResult.txt",
			);
			runOnlyForDeploymentPostprocessing = 0;
			shellPath = /bin/sh;
			shellScript = "diff \"${PODS_PODFILE_DIR_PATH}/Podfile.lock\" \"${PODS_ROOT}/Manifest.lock\" > /dev/null\nif [ $? != 0 ] ; then\n    # print error to STDERR\n    echo \"error: The sandbox is not in sync with the Podfile.lock. Run 'pod install' or update your CocoaPods installation.\" >&2\n    exit 1\nfi\n# This output is used by Xcode 'outputs' to avoid re-running this script phase.\necho \"SUCCESS\" > \"${SCRIPT_OUTPUT_FILE_0}\"\n";
			showEnvVarsInLog = 0;
		};
		51CD9558106E8F9BC7F453F5 /* [CP] Check Pods Manifest.lock */ = {
			isa = PBXShellScriptBuildPhase;
			buildActionMask = 2147483647;
			files = (
			);
			inputFileListPaths = (
			);
			inputPaths = (
				"${PODS_PODFILE_DIR_PATH}/Podfile.lock",
				"${PODS_ROOT}/Manifest.lock",
			);
			name = "[CP] Check Pods Manifest.lock";
			outputFileListPaths = (
			);
			outputPaths = (
				"$(DERIVED_FILE_DIR)/Pods-Apple PieTests-checkManifestLockResult.txt",
			);
			runOnlyForDeploymentPostprocessing = 0;
			shellPath = /bin/sh;
			shellScript = "diff \"${PODS_PODFILE_DIR_PATH}/Podfile.lock\" \"${PODS_ROOT}/Manifest.lock\" > /dev/null\nif [ $? != 0 ] ; then\n    # print error to STDERR\n    echo \"error: The sandbox is not in sync with the Podfile.lock. Run 'pod install' or update your CocoaPods installation.\" >&2\n    exit 1\nfi\n# This output is used by Xcode 'outputs' to avoid re-running this script phase.\necho \"SUCCESS\" > \"${SCRIPT_OUTPUT_FILE_0}\"\n";
			showEnvVarsInLog = 0;
		};
		CD58D32E2C82834700EC92F6 /* ShellScript */ = {
			isa = PBXShellScriptBuildPhase;
			buildActionMask = 2147483647;
			files = (
			);
			inputFileListPaths = (
			);
			inputPaths = (
			);
			outputFileListPaths = (
			);
			outputPaths = (
			);
			runOnlyForDeploymentPostprocessing = 0;
			shellPath = /bin/sh;
			shellScript = "# Type a script or drag a script file from your workspace to insert its path.\nif which swiftlint >/dev/null; then\n  swiftlint\nelse\n  echo \"warning: SwiftLint not installed, download from https://github.com/realm/SwiftLint\"\nfi\n";
		};
		CDACD8032C8163C100D2BB66 /* ShellScript */ = {
			isa = PBXShellScriptBuildPhase;
			buildActionMask = 12;
			files = (
			);
			inputFileListPaths = (
			);
			inputPaths = (
			);
			outputFileListPaths = (
			);
			outputPaths = (
			);
			runOnlyForDeploymentPostprocessing = 0;
			shellPath = /bin/sh;
			shellScript = "if which swiftlint >/dev/null; then\n  swiftlint\nelse\n  echo \"warning: SwiftLint not installed, download from https://github.com/realm/SwiftLint\"\nfi\n";
		};
/* End PBXShellScriptBuildPhase section */

/* Begin PBXSourcesBuildPhase section */
		CDACD7972C81487600D2BB66 /* Sources */ = {
			isa = PBXSourcesBuildPhase;
			buildActionMask = 2147483647;
			files = (
				CDACD7A12C81487600D2BB66 /* ContentView.swift in Sources */,
				CDACD79F2C81487600D2BB66 /* Apple_PieApp.swift in Sources */,
			);
			runOnlyForDeploymentPostprocessing = 0;
		};
		CDACD7BE2C81540700D2BB66 /* Sources */ = {
			isa = PBXSourcesBuildPhase;
			buildActionMask = 2147483647;
			files = (
				CDACD7C52C81540700D2BB66 /* Apple_PieTests.swift in Sources */,
			);
			runOnlyForDeploymentPostprocessing = 0;
		};
/* End PBXSourcesBuildPhase section */

/* Begin PBXTargetDependency section */
		CDACD7C72C81540700D2BB66 /* PBXTargetDependency */ = {
			isa = PBXTargetDependency;
			target = CDACD79A2C81487600D2BB66 /* Apple Pie */;
			targetProxy = CDACD7C62C81540700D2BB66 /* PBXContainerItemProxy */;
		};
/* End PBXTargetDependency section */

/* Begin XCBuildConfiguration section */
		CDACD7A72C81487C00D2BB66 /* Debug */ = {
			isa = XCBuildConfiguration;
			buildSettings = {
				ALWAYS_SEARCH_USER_PATHS = NO;
				CLANG_ANALYZER_NONNULL = YES;
				CLANG_ANALYZER_NUMBER_OBJECT_CONVERSION = YES_AGGRESSIVE;
				CLANG_CXX_LANGUAGE_STANDARD = "gnu++17";
				CLANG_CXX_LIBRARY = "libc++";
				CLANG_ENABLE_MODULES = YES;
				CLANG_ENABLE_OBJC_ARC = YES;
				CLANG_ENABLE_OBJC_WEAK = YES;
				CLANG_WARN_BLOCK_CAPTURE_AUTORELEASING = YES;
				CLANG_WARN_BOOL_CONVERSION = YES;
				CLANG_WARN_COMMA = YES;
				CLANG_WARN_CONSTANT_CONVERSION = YES;
				CLANG_WARN_DEPRECATED_OBJC_IMPLEMENTATIONS = YES;
				CLANG_WARN_DIRECT_OBJC_ISA_USAGE = YES_ERROR;
				CLANG_WARN_DOCUMENTATION_COMMENTS = YES;
				CLANG_WARN_EMPTY_BODY = YES;
				CLANG_WARN_ENUM_CONVERSION = YES;
				CLANG_WARN_INFINITE_RECURSION = YES;
				CLANG_WARN_INT_CONVERSION = YES;
				CLANG_WARN_NON_LITERAL_NULL_CONVERSION = YES;
				CLANG_WARN_OBJC_IMPLICIT_RETAIN_SELF = YES;
				CLANG_WARN_OBJC_LITERAL_CONVERSION = YES;
				CLANG_WARN_OBJC_ROOT_CLASS = YES_ERROR;
				CLANG_WARN_QUOTED_INCLUDE_IN_FRAMEWORK_HEADER = YES;
				CLANG_WARN_RANGE_LOOP_ANALYSIS = YES;
				CLANG_WARN_STRICT_PROTOTYPES = YES;
				CLANG_WARN_SUSPICIOUS_MOVE = YES;
				CLANG_WARN_UNGUARDED_AVAILABILITY = YES_AGGRESSIVE;
				CLANG_WARN_UNREACHABLE_CODE = YES;
				CLANG_WARN__DUPLICATE_METHOD_MATCH = YES;
				COPY_PHASE_STRIP = NO;
				DEBUG_INFORMATION_FORMAT = dwarf;
				ENABLE_STRICT_OBJC_MSGSEND = YES;
				ENABLE_TESTABILITY = YES;
				GCC_C_LANGUAGE_STANDARD = gnu11;
				GCC_DYNAMIC_NO_PIC = NO;
				GCC_NO_COMMON_BLOCKS = YES;
				GCC_OPTIMIZATION_LEVEL = 0;
				GCC_PREPROCESSOR_DEFINITIONS = (
					"DEBUG=1",
					"$(inherited)",
				);
				GCC_WARN_64_TO_32_BIT_CONVERSION = YES;
				GCC_WARN_ABOUT_RETURN_TYPE = YES_ERROR;
				GCC_WARN_UNDECLARED_SELECTOR = YES;
				GCC_WARN_UNINITIALIZED_AUTOS = YES_AGGRESSIVE;
				GCC_WARN_UNUSED_FUNCTION = YES;
				GCC_WARN_UNUSED_VARIABLE = YES;
				IPHONEOS_DEPLOYMENT_TARGET = 15.2;
				MTL_ENABLE_DEBUG_INFO = INCLUDE_SOURCE;
				MTL_FAST_MATH = YES;
				ONLY_ACTIVE_ARCH = YES;
				SDKROOT = iphoneos;
				SWIFT_ACTIVE_COMPILATION_CONDITIONS = DEBUG;
				SWIFT_OPTIMIZATION_LEVEL = "-Onone";
			};
			name = Debug;
		};
		CDACD7A82C81487C00D2BB66 /* Release */ = {
			isa = XCBuildConfiguration;
			buildSettings = {
				ALWAYS_SEARCH_USER_PATHS = NO;
				CLANG_ANALYZER_NONNULL = YES;
				CLANG_ANALYZER_NUMBER_OBJECT_CONVERSION = YES_AGGRESSIVE;
				CLANG_CXX_LANGUAGE_STANDARD = "gnu++17";
				CLANG_CXX_LIBRARY = "libc++";
				CLANG_ENABLE_MODULES = YES;
				CLANG_ENABLE_OBJC_ARC = YES;
				CLANG_ENABLE_OBJC_WEAK = YES;
				CLANG_WARN_BLOCK_CAPTURE_AUTORELEASING = YES;
				CLANG_WARN_BOOL_CONVERSION = YES;
				CLANG_WARN_COMMA = YES;
				CLANG_WARN_CONSTANT_CONVERSION = YES;
				CLANG_WARN_DEPRECATED_OBJC_IMPLEMENTATIONS = YES;
				CLANG_WARN_DIRECT_OBJC_ISA_USAGE = YES_ERROR;
				CLANG_WARN_DOCUMENTATION_COMMENTS = YES;
				CLANG_WARN_EMPTY_BODY = YES;
				CLANG_WARN_ENUM_CONVERSION = YES;
				CLANG_WARN_INFINITE_RECURSION = YES;
				CLANG_WARN_INT_CONVERSION = YES;
				CLANG_WARN_NON_LITERAL_NULL_CONVERSION = YES;
				CLANG_WARN_OBJC_IMPLICIT_RETAIN_SELF = YES;
				CLANG_WARN_OBJC_LITERAL_CONVERSION = YES;
				CLANG_WARN_OBJC_ROOT_CLASS = YES_ERROR;
				CLANG_WARN_QUOTED_INCLUDE_IN_FRAMEWORK_HEADER = YES;
				CLANG_WARN_RANGE_LOOP_ANALYSIS = YES;
				CLANG_WARN_STRICT_PROTOTYPES = YES;
				CLANG_WARN_SUSPICIOUS_MOVE = YES;
				CLANG_WARN_UNGUARDED_AVAILABILITY = YES_AGGRESSIVE;
				CLANG_WARN_UNREACHABLE_CODE = YES;
				CLANG_WARN__DUPLICATE_METHOD_MATCH = YES;
				COPY_PHASE_STRIP = NO;
				DEBUG_INFORMATION_FORMAT = "dwarf-with-dsym";
				ENABLE_NS_ASSERTIONS = NO;
				ENABLE_STRICT_OBJC_MSGSEND = YES;
				GCC_C_LANGUAGE_STANDARD = gnu11;
				GCC_NO_COMMON_BLOCKS = YES;
				GCC_WARN_64_TO_32_BIT_CONVERSION = YES;
				GCC_WARN_ABOUT_RETURN_TYPE = YES_ERROR;
				GCC_WARN_UNDECLARED_SELECTOR = YES;
				GCC_WARN_UNINITIALIZED_AUTOS = YES_AGGRESSIVE;
				GCC_WARN_UNUSED_FUNCTION = YES;
				GCC_WARN_UNUSED_VARIABLE = YES;
				IPHONEOS_DEPLOYMENT_TARGET = 15.2;
				MTL_ENABLE_DEBUG_INFO = NO;
				MTL_FAST_MATH = YES;
				SDKROOT = iphoneos;
				SWIFT_COMPILATION_MODE = wholemodule;
				SWIFT_OPTIMIZATION_LEVEL = "-O";
				VALIDATE_PRODUCT = YES;
			};
			name = Release;
		};
		CDACD7AA2C81487C00D2BB66 /* Debug */ = {
			isa = XCBuildConfiguration;
			baseConfigurationReference = 753E572A4D2E8C67DFBEB56D /* Pods-Apple Pie.debug.xcconfig */;
			buildSettings = {
				ASSETCATALOG_COMPILER_APPICON_NAME = AppIcon;
				ASSETCATALOG_COMPILER_GLOBAL_ACCENT_COLOR_NAME = AccentColor;
				CODE_SIGN_STYLE = Automatic;
				CURRENT_PROJECT_VERSION = 1;
				DEVELOPMENT_ASSET_PATHS = "\"Apple Pie/Preview Content\"";
				DEVELOPMENT_TEAM = F3T274UD9D;
				ENABLE_PREVIEWS = YES;
				GENERATE_INFOPLIST_FILE = YES;
				INFOPLIST_KEY_UIApplicationSceneManifest_Generation = YES;
				INFOPLIST_KEY_UIApplicationSupportsIndirectInputEvents = YES;
				INFOPLIST_KEY_UILaunchScreen_Generation = YES;
				INFOPLIST_KEY_UISupportedInterfaceOrientations_iPad = "UIInterfaceOrientationPortrait UIInterfaceOrientationPortraitUpsideDown UIInterfaceOrientationLandscapeLeft UIInterfaceOrientationLandscapeRight";
				INFOPLIST_KEY_UISupportedInterfaceOrientations_iPhone = "UIInterfaceOrientationPortrait UIInterfaceOrientationLandscapeLeft UIInterfaceOrientationLandscapeRight";
				LD_RUNPATH_SEARCH_PATHS = (
					"$(inherited)",
					"@executable_path/Frameworks",
				);
				MARKETING_VERSION = 1.0;
				PRODUCT_BUNDLE_IDENTIFIER = br.org.eldorado.applepietest;
				PRODUCT_NAME = "$(TARGET_NAME)";
				SWIFT_EMIT_LOC_STRINGS = YES;
				SWIFT_VERSION = 5.0;
				TARGETED_DEVICE_FAMILY = 2;
			};
			name = Debug;
		};
		CDACD7AB2C81487C00D2BB66 /* Release */ = {
			isa = XCBuildConfiguration;
			baseConfigurationReference = 9C4E626CCE90031EC6E66EDC /* Pods-Apple Pie.release.xcconfig */;
			buildSettings = {
				ASSETCATALOG_COMPILER_APPICON_NAME = AppIcon;
				ASSETCATALOG_COMPILER_GLOBAL_ACCENT_COLOR_NAME = AccentColor;
				CODE_SIGN_STYLE = Automatic;
				CURRENT_PROJECT_VERSION = 1;
				DEVELOPMENT_ASSET_PATHS = "\"Apple Pie/Preview Content\"";
				DEVELOPMENT_TEAM = F3T274UD9D;
				ENABLE_PREVIEWS = YES;
				GENERATE_INFOPLIST_FILE = YES;
				INFOPLIST_KEY_UIApplicationSceneManifest_Generation = YES;
				INFOPLIST_KEY_UIApplicationSupportsIndirectInputEvents = YES;
				INFOPLIST_KEY_UILaunchScreen_Generation = YES;
				INFOPLIST_KEY_UISupportedInterfaceOrientations_iPad = "UIInterfaceOrientationPortrait UIInterfaceOrientationPortraitUpsideDown UIInterfaceOrientationLandscapeLeft UIInterfaceOrientationLandscapeRight";
				INFOPLIST_KEY_UISupportedInterfaceOrientations_iPhone = "UIInterfaceOrientationPortrait UIInterfaceOrientationLandscapeLeft UIInterfaceOrientationLandscapeRight";
				LD_RUNPATH_SEARCH_PATHS = (
					"$(inherited)",
					"@executable_path/Frameworks",
				);
				MARKETING_VERSION = 1.0;
				PRODUCT_BUNDLE_IDENTIFIER = br.org.eldorado.applepietest;
				PRODUCT_NAME = "$(TARGET_NAME)";
				SWIFT_EMIT_LOC_STRINGS = YES;
				SWIFT_VERSION = 5.0;
				TARGETED_DEVICE_FAMILY = 2;
			};
			name = Release;
		};
		CDACD7C92C81540700D2BB66 /* Debug */ = {
			isa = XCBuildConfiguration;
			baseConfigurationReference = 8FAFCA10F896DC439CE39C56 /* Pods-Apple PieTests.debug.xcconfig */;
			buildSettings = {
				BUNDLE_LOADER = "$(TEST_HOST)";
				CODE_SIGN_STYLE = Automatic;
				CURRENT_PROJECT_VERSION = 1;
				DEVELOPMENT_TEAM = CSDXVS38UW;
				GENERATE_INFOPLIST_FILE = YES;
				MARKETING_VERSION = 1.0;
				PRODUCT_BUNDLE_IDENTIFIER = "com.eduardapinheiro.Apple-PieTests";
				PRODUCT_NAME = "$(TARGET_NAME)";
				SWIFT_EMIT_LOC_STRINGS = NO;
				SWIFT_VERSION = 5.0;
				TARGETED_DEVICE_FAMILY = "1,2";
				TEST_HOST = "$(BUILT_PRODUCTS_DIR)/Apple Pie.app/Apple Pie";
			};
			name = Debug;
		};
		CDACD7CA2C81540700D2BB66 /* Release */ = {
			isa = XCBuildConfiguration;
			baseConfigurationReference = 5CDAB2129E6644C6CE1F691C /* Pods-Apple PieTests.release.xcconfig */;
			buildSettings = {
				BUNDLE_LOADER = "$(TEST_HOST)";
				CODE_SIGN_STYLE = Automatic;
				CURRENT_PROJECT_VERSION = 1;
				DEVELOPMENT_TEAM = CSDXVS38UW;
				GENERATE_INFOPLIST_FILE = YES;
				MARKETING_VERSION = 1.0;
				PRODUCT_BUNDLE_IDENTIFIER = "com.eduardapinheiro.Apple-PieTests";
				PRODUCT_NAME = "$(TARGET_NAME)";
				SWIFT_EMIT_LOC_STRINGS = NO;
				SWIFT_VERSION = 5.0;
				TARGETED_DEVICE_FAMILY = "1,2";
				TEST_HOST = "$(BUILT_PRODUCTS_DIR)/Apple Pie.app/Apple Pie";
			};
			name = Release;
		};
/* End XCBuildConfiguration section */

/* Begin XCConfigurationList section */
		CDACD7962C81487600D2BB66 /* Build configuration list for PBXProject "Apple Pie" */ = {
			isa = XCConfigurationList;
			buildConfigurations = (
				CDACD7A72C81487C00D2BB66 /* Debug */,
				CDACD7A82C81487C00D2BB66 /* Release */,
			);
			defaultConfigurationIsVisible = 0;
			defaultConfigurationName = Release;
		};
		CDACD7A92C81487C00D2BB66 /* Build configuration list for PBXNativeTarget "Apple Pie" */ = {
			isa = XCConfigurationList;
			buildConfigurations = (
				CDACD7AA2C81487C00D2BB66 /* Debug */,
				CDACD7AB2C81487C00D2BB66 /* Release */,
			);
			defaultConfigurationIsVisible = 0;
			defaultConfigurationName = Release;
		};
		CDACD7C82C81540700D2BB66 /* Build configuration list for PBXNativeTarget "Apple PieTests" */ = {
			isa = XCConfigurationList;
			buildConfigurations = (
				CDACD7C92C81540700D2BB66 /* Debug */,
				CDACD7CA2C81540700D2BB66 /* Release */,
			);
			defaultConfigurationIsVisible = 0;
			defaultConfigurationName = Release;
		};
/* End XCConfigurationList section */
	};
	rootObject = CDACD7932C81487600D2BB66 /* Project object */;
}
